
Microsoft Visual Studio Solution File, Format Version 12.00
# Visual Studio 15
VisualStudioVersion = 15.0.27130.2027
MinimumVisualStudioVersion = 10.0.40219.1
Project("{FAE04EC0-301F-11D3-BF4B-00C04F79EFBC}") = "Teht1_L10", "ConsoleApp1\Teht1_L10.csproj", "{DC124826-0E82-4A33-A397-E76EEB823409}"
EndProject
Project("{FAE04EC0-301F-11D3-BF4B-00C04F79EFBC}") = "Teht1_L9", "Teht1_L9\Teht1_L9.csproj", "{25FA3CE4-A1BE-4796-A7F3-C29A0A18D578}"
EndProject
Project("{FAE04EC0-301F-11D3-BF4B-00C04F79EFBC}") = "Teht2_CD", "Teht2_CD\Teht2_CD.csproj", "{CE17267E-E615-45FB-9EEB-9C00E7E9F015}"
EndProject
Project("{FAE04EC0-301F-11D3-BF4B-00C04F79EFBC}") = "Teht3_Cards", "Teht3_Cards\Teht3_Cards.csproj", "{52A9FDED-12AC-4BC2-9CD8-430D8E42DCEE}"
EndProject
Project("{FAE04EC0-301F-11D3-BF4B-00C04F79EFBC}") = "Teht5_Hockey", "Teht5_Hockey\Teht5_Hockey.csproj", "{C2A162E9-58C9-4964-AB3F-31EA7D30A762}"
EndProject
Global
	GlobalSection(SolutionConfigurationPlatforms) = preSolution
		Debug|Any CPU = Debug|Any CPU
		Release|Any CPU = Release|Any CPU
	EndGlobalSection
	GlobalSection(ProjectConfigurationPlatforms) = postSolution
		{DC124826-0E82-4A33-A397-E76EEB823409}.Debug|Any CPU.ActiveCfg = Debug|Any CPU
		{DC124826-0E82-4A33-A397-E76EEB823409}.Debug|Any CPU.Build.0 = Debug|Any CPU
		{DC124826-0E82-4A33-A397-E76EEB823409}.Release|Any CPU.ActiveCfg = Release|Any CPU
		{DC124826-0E82-4A33-A397-E76EEB823409}.Release|Any CPU.Build.0 = Release|Any CPU
		{25FA3CE4-A1BE-4796-A7F3-C29A0A18D578}.Debug|Any CPU.ActiveCfg = Debug|Any CPU
		{25FA3CE4-A1BE-4796-A7F3-C29A0A18D578}.Debug|Any CPU.Build.0 = Debug|Any CPU
		{25FA3CE4-A1BE-4796-A7F3-C29A0A18D578}.Release|Any CPU.ActiveCfg = Release|Any CPU
		{25FA3CE4-A1BE-4796-A7F3-C29A0A18D578}.Release|Any CPU.Build.0 = Release|Any CPU
		{CE17267E-E615-45FB-9EEB-9C00E7E9F015}.Debug|Any CPU.ActiveCfg = Debug|Any CPU
		{CE17267E-E615-45FB-9EEB-9C00E7E9F015}.Debug|Any CPU.Build.0 = Debug|Any CPU
		{CE17267E-E615-45FB-9EEB-9C00E7E9F015}.Release|Any CPU.ActiveCfg = Release|Any CPU
		{CE17267E-E615-45FB-9EEB-9C00E7E9F015}.Release|Any CPU.Build.0 = Release|Any CPU
		{52A9FDED-12AC-4BC2-9CD8-430D8E42DCEE}.Debug|Any CPU.ActiveCfg = Debug|Any CPU
		{52A9FDED-12AC-4BC2-9CD8-430D8E42DCEE}.Debug|Any CPU.Build.0 = Debug|Any CPU
		{52A9FDED-12AC-4BC2-9CD8-430D8E42DCEE}.Release|Any CPU.ActiveCfg = Release|Any CPU
		{52A9FDED-12AC-4BC2-9CD8-430D8E42DCEE}.Release|Any CPU.Build.0 = Release|Any CPU
		{C2A162E9-58C9-4964-AB3F-31EA7D30A762}.Debug|Any CPU.ActiveCfg = Debug|Any CPU
		{C2A162E9-58C9-4964-AB3F-31EA7D30A762}.Debug|Any CPU.Build.0 = Debug|Any CPU
		{C2A162E9-58C9-4964-AB3F-31EA7D30A762}.Release|Any CPU.ActiveCfg = Release|Any CPU
		{C2A162E9-58C9-4964-AB3F-31EA7D30A762}.Release|Any CPU.Build.0 = Release|Any CPU
	EndGlobalSection
	GlobalSection(SolutionProperties) = preSolution
		HideSolutionNode = FALSE
	EndGlobalSection
	GlobalSection(ExtensibilityGlobals) = postSolution
		SolutionGuid = {D54BBF2A-B1F5-4F4A-9442-EF93C8700441}
	EndGlobalSection
EndGlobal
